
Microsoft Visual Studio Solution File, Format Version 12.00
# Visual Studio 15
VisualStudioVersion = 15.0.27130.2010
MinimumVisualStudioVersion = 10.0.40219.1
Project("{2150E333-8FDC-42A3-9474-1A3956D46DE8}") = "Engine", "Engine", "{CDC9E9E3-D83F-4F08-B91F-E51FA6624470}"
EndProject
Project("{2150E333-8FDC-42A3-9474-1A3956D46DE8}") = "Games", "Games", "{9D58D357-6856-4A0E-A69D-856DEB50B20B}"
EndProject
Project("{8BC9CEB8-8B4A-11D0-8D11-00A0C91BC942}") = "UE4", "Intermediate\ProjectFiles\UE4.vcxproj", "{78B5B58E-210F-4E82-9ED0-48F785D3F9D5}"
EndProject
Project("{8BC9CEB8-8B4A-11D0-8D11-00A0C91BC942}") = "MyPacMan", "Intermediate\ProjectFiles\MyPacMan.vcxproj", "{AD758FB7-1512-49FE-9966-8B835E1E713B}"
EndProject
Global
	GlobalSection(SolutionConfigurationPlatforms) = preSolution
		DebugGame Editor|HTML5 = DebugGame Editor|HTML5
		DebugGame Editor|Win32 = DebugGame Editor|Win32
		DebugGame Editor|Win64 = DebugGame Editor|Win64
		DebugGame|HTML5 = DebugGame|HTML5
		DebugGame|Win32 = DebugGame|Win32
		DebugGame|Win64 = DebugGame|Win64
		Development Editor|HTML5 = Development Editor|HTML5
		Development Editor|Win32 = Development Editor|Win32
		Development Editor|Win64 = Development Editor|Win64
		Development|HTML5 = Development|HTML5
		Development|Win32 = Development|Win32
		Development|Win64 = Development|Win64
		Shipping|HTML5 = Shipping|HTML5
		Shipping|Win32 = Shipping|Win32
		Shipping|Win64 = Shipping|Win64
	EndGlobalSection
	GlobalSection(ProjectConfigurationPlatforms) = postSolution
		{78B5B58E-210F-4E82-9ED0-48F785D3F9D5}.DebugGame Editor|HTML5.ActiveCfg = BuiltWithUnrealBuildTool|Win32
		{78B5B58E-210F-4E82-9ED0-48F785D3F9D5}.DebugGame Editor|HTML5.Build.0 = BuiltWithUnrealBuildTool|Win32
		{78B5B58E-210F-4E82-9ED0-48F785D3F9D5}.DebugGame Editor|Win32.ActiveCfg = BuiltWithUnrealBuildTool|Win32
		{78B5B58E-210F-4E82-9ED0-48F785D3F9D5}.DebugGame Editor|Win32.Build.0 = BuiltWithUnrealBuildTool|Win32
		{78B5B58E-210F-4E82-9ED0-48F785D3F9D5}.DebugGame Editor|Win64.ActiveCfg = BuiltWithUnrealBuildTool|Win32
		{78B5B58E-210F-4E82-9ED0-48F785D3F9D5}.DebugGame Editor|Win64.Build.0 = BuiltWithUnrealBuildTool|Win32
		{78B5B58E-210F-4E82-9ED0-48F785D3F9D5}.DebugGame|HTML5.ActiveCfg = BuiltWithUnrealBuildTool|Win32
		{78B5B58E-210F-4E82-9ED0-48F785D3F9D5}.DebugGame|HTML5.Build.0 = BuiltWithUnrealBuildTool|Win32
		{78B5B58E-210F-4E82-9ED0-48F785D3F9D5}.DebugGame|Win32.ActiveCfg = BuiltWithUnrealBuildTool|Win32
		{78B5B58E-210F-4E82-9ED0-48F785D3F9D5}.DebugGame|Win32.Build.0 = BuiltWithUnrealBuildTool|Win32
		{78B5B58E-210F-4E82-9ED0-48F785D3F9D5}.DebugGame|Win64.ActiveCfg = BuiltWithUnrealBuildTool|Win32
		{78B5B58E-210F-4E82-9ED0-48F785D3F9D5}.DebugGame|Win64.Build.0 = BuiltWithUnrealBuildTool|Win32
		{78B5B58E-210F-4E82-9ED0-48F785D3F9D5}.Development Editor|HTML5.ActiveCfg = BuiltWithUnrealBuildTool|Win32
		{78B5B58E-210F-4E82-9ED0-48F785D3F9D5}.Development Editor|HTML5.Build.0 = BuiltWithUnrealBuildTool|Win32
		{78B5B58E-210F-4E82-9ED0-48F785D3F9D5}.Development Editor|Win32.ActiveCfg = BuiltWithUnrealBuildTool|Win32
		{78B5B58E-210F-4E82-9ED0-48F785D3F9D5}.Development Editor|Win32.Build.0 = BuiltWithUnrealBuildTool|Win32
		{78B5B58E-210F-4E82-9ED0-48F785D3F9D5}.Development Editor|Win64.ActiveCfg = BuiltWithUnrealBuildTool|Win32
		{78B5B58E-210F-4E82-9ED0-48F785D3F9D5}.Development Editor|Win64.Build.0 = BuiltWithUnrealBuildTool|Win32
		{78B5B58E-210F-4E82-9ED0-48F785D3F9D5}.Development|HTML5.ActiveCfg = BuiltWithUnrealBuildTool|Win32
		{78B5B58E-210F-4E82-9ED0-48F785D3F9D5}.Development|HTML5.Build.0 = BuiltWithUnrealBuildTool|Win32
		{78B5B58E-210F-4E82-9ED0-48F785D3F9D5}.Development|Win32.ActiveCfg = BuiltWithUnrealBuildTool|Win32
		{78B5B58E-210F-4E82-9ED0-48F785D3F9D5}.Development|Win32.Build.0 = BuiltWithUnrealBuildTool|Win32
		{78B5B58E-210F-4E82-9ED0-48F785D3F9D5}.Development|Win64.ActiveCfg = BuiltWithUnrealBuildTool|Win32
		{78B5B58E-210F-4E82-9ED0-48F785D3F9D5}.Development|Win64.Build.0 = BuiltWithUnrealBuildTool|Win32
		{78B5B58E-210F-4E82-9ED0-48F785D3F9D5}.Shipping|HTML5.ActiveCfg = BuiltWithUnrealBuildTool|Win32
		{78B5B58E-210F-4E82-9ED0-48F785D3F9D5}.Shipping|HTML5.Build.0 = BuiltWithUnrealBuildTool|Win32
		{78B5B58E-210F-4E82-9ED0-48F785D3F9D5}.Shipping|Win32.ActiveCfg = BuiltWithUnrealBuildTool|Win32
		{78B5B58E-210F-4E82-9ED0-48F785D3F9D5}.Shipping|Win32.Build.0 = BuiltWithUnrealBuildTool|Win32
		{78B5B58E-210F-4E82-9ED0-48F785D3F9D5}.Shipping|Win64.ActiveCfg = BuiltWithUnrealBuildTool|Win32
		{78B5B58E-210F-4E82-9ED0-48F785D3F9D5}.Shipping|Win64.Build.0 = BuiltWithUnrealBuildTool|Win32
		{AD758FB7-1512-49FE-9966-8B835E1E713B}.DebugGame Editor|HTML5.ActiveCfg = HTML5_DebugGame_Editor|Win32
		{AD758FB7-1512-49FE-9966-8B835E1E713B}.DebugGame Editor|Win32.ActiveCfg = DebugGame_Editor|Win32
		{AD758FB7-1512-49FE-9966-8B835E1E713B}.DebugGame Editor|Win64.ActiveCfg = DebugGame_Editor|x64
		{AD758FB7-1512-49FE-9966-8B835E1E713B}.DebugGame Editor|Win64.Build.0 = DebugGame_Editor|x64
		{AD758FB7-1512-49FE-9966-8B835E1E713B}.DebugGame|HTML5.ActiveCfg = HTML5_DebugGame_Game|Win32
		{AD758FB7-1512-49FE-9966-8B835E1E713B}.DebugGame|HTML5.Build.0 = HTML5_DebugGame_Game|Win32
		{AD758FB7-1512-49FE-9966-8B835E1E713B}.DebugGame|Win32.ActiveCfg = DebugGame_Game|Win32
		{AD758FB7-1512-49FE-9966-8B835E1E713B}.DebugGame|Win32.Build.0 = DebugGame_Game|Win32
		{AD758FB7-1512-49FE-9966-8B835E1E713B}.DebugGame|Win64.ActiveCfg = DebugGame_Game|x64
		{AD758FB7-1512-49FE-9966-8B835E1E713B}.DebugGame|Win64.Build.0 = DebugGame_Game|x64
		{AD758FB7-1512-49FE-9966-8B835E1E713B}.Development Editor|HTML5.ActiveCfg = HTML5_Development_Editor|Win32
		{AD758FB7-1512-49FE-9966-8B835E1E713B}.Development Editor|Win32.ActiveCfg = Development_Editor|Win32
		{AD758FB7-1512-49FE-9966-8B835E1E713B}.Development Editor|Win64.ActiveCfg = Development_Editor|x64
		{AD758FB7-1512-49FE-9966-8B835E1E713B}.Development Editor|Win64.Build.0 = Development_Editor|x64
		{AD758FB7-1512-49FE-9966-8B835E1E713B}.Development|HTML5.ActiveCfg = HTML5_Development_Game|Win32
		{AD758FB7-1512-49FE-9966-8B835E1E713B}.Development|HTML5.Build.0 = HTML5_Development_Game|Win32
		{AD758FB7-1512-49FE-9966-8B835E1E713B}.Development|Win32.ActiveCfg = Development_Game|Win32
		{AD758FB7-1512-49FE-9966-8B835E1E713B}.Development|Win32.Build.0 = Development_Game|Win32
		{AD758FB7-1512-49FE-9966-8B835E1E713B}.Development|Win64.ActiveCfg = Development_Game|x64
		{AD758FB7-1512-49FE-9966-8B835E1E713B}.Development|Win64.Build.0 = Development_Game|x64
		{AD758FB7-1512-49FE-9966-8B835E1E713B}.Shipping|HTML5.ActiveCfg = HTML5_Shipping_Game|Win32
		{AD758FB7-1512-49FE-9966-8B835E1E713B}.Shipping|HTML5.Build.0 = HTML5_Shipping_Game|Win32
		{AD758FB7-1512-49FE-9966-8B835E1E713B}.Shipping|Win32.ActiveCfg = Shipping_Game|Win32
		{AD758FB7-1512-49FE-9966-8B835E1E713B}.Shipping|Win32.Build.0 = Shipping_Game|Win32
		{AD758FB7-1512-49FE-9966-8B835E1E713B}.Shipping|Win64.ActiveCfg = Shipping_Game|x64
		{AD758FB7-1512-49FE-9966-8B835E1E713B}.Shipping|Win64.Build.0 = Shipping_Game|x64
	EndGlobalSection
	GlobalSection(SolutionProperties) = preSolution
		HideSolutionNode = FALSE
	EndGlobalSection
	GlobalSection(NestedProjects) = preSolution
		{78B5B58E-210F-4E82-9ED0-48F785D3F9D5} = {CDC9E9E3-D83F-4F08-B91F-E51FA6624470}
		{AD758FB7-1512-49FE-9966-8B835E1E713B} = {9D58D357-6856-4A0E-A69D-856DEB50B20B}
	EndGlobalSection
	GlobalSection(ExtensibilityGlobals) = postSolution
		SolutionGuid = {48E28261-6EFF-4179-8564-27B0C61C9A27}
	EndGlobalSection
EndGlobal
